# THIS IS AN AUTOGENERATED FILE. DO NOT EDIT THIS FILE DIRECTLY.
# yarn lockfile v1


"@lifaon/color@latest":
  version "1.0.0-dev.1685285308504"
  resolved "http://localhost:4873/@lifaon/color/-/color-1.0.0-dev.1685285308504.tgz#8b40293721d07528f1b9c8bac7304ee739b1f2e6"
  integrity sha512-fnQhR+AVDGmSgrYweFvTfvD4AVC0meTlc/CJ8j48Oabq2/aypRaQCo7N2CUbLut/n1Y5E6fcQe/FzLATjjFmXg==
  dependencies:
    "@lifaon/math" latest

"@lifaon/math@latest":
  version "1.1.0-dev.1685101205890"
  resolved "http://localhost:4873/@lifaon/math/-/math-1.1.0-dev.1685101205890.tgz#02c3764345ee435729974ffcd40d04125fdaa398"
  integrity sha512-R5SRQbe8QaZrOsaE6ky9dyp+IVzaQBRH0qJxYb/xXmWF/t34zru2vBtuyFyEVW1BusFpbal6EM7F6yhgPjx/UA==

"@lifaon/md5@^1.0.0":
  version "1.0.0"
  resolved "http://localhost:4873/@lifaon/md5/-/md5-1.0.0.tgz#f83ea543d408b44cca912d9c58ba1a939c678f3c"
  integrity sha512-/M0btFQQ/h9S4c+mvER0XgmkVPsyfUOQPRlOT0teXPdo6dwv7bWhHgoTpAirKWolrugbXGIGx7yqqUEaQqosoA==

"@lifaon/number-types@latest":
  version "1.0.0-dev.1679324403547"
  resolved "http://localhost:4873/@lifaon/number-types/-/number-types-1.0.0-dev.1679324403547.tgz#39fb1faed4ddd673aeb8ab7c32c2694b1a69c718"
  integrity sha512-MQsH0M2u92AFRiIHH73mm3GdXy/sjqCID8uWREoEOjoFokgPsC/+svnxSVNFpQIJrjhsxyX0sFfATAQOKu0+KA==

"@lifaon/traits@^3.0.0":
  version "3.0.0"
  resolved "http://localhost:4873/@lifaon/traits/-/traits-3.0.0.tgz#a02cb8b908c2f446c873fba7ec6482f0722eca03"
  integrity sha512-IyGfjYpwQK5wUUUYVAK8zgTZ/CF6rn/mCPAuQBdp0ZEzmQns58FBJdWPAm5IlILydzgx7OMjBdXFjfUnl9hN2w==

"@lirx/async-task@latest":
  version "1.2.0-dev.1686055436778"
  resolved "http://localhost:4873/@lirx/async-task/-/async-task-1.2.0-dev.1686055436778.tgz#22521a161592a59c7395dae80328b961769e3aad"
  integrity sha512-9wynqYaqaDAIz5yiU15BIqLqrWDlLW/Anioxt6sn9rwVcAFsMD/FvWBHS901Ak5Bqxk70dBVwC/J7W/AoXZEPA==

"@lirx/core@latest":
  version "1.4.0-dev.1686306469759"
  resolved "http://localhost:4873/@lirx/core/-/core-1.4.0-dev.1686306469759.tgz#09deb062f26d7c8fb499cf617fece2d78479dd5d"
  integrity sha512-OWWBJOqawCwF0pEW5/pltgxhBg1l4Y5WenpOTIp2+VM9BT0VQj7aqmWTuZjMNdG00WGVdGMi7m0eG5sJPmysFQ==
  dependencies:
    "@lirx/utils" latest

"@lirx/stream@latest":
  version "0.8.0-dev.1686311699707"
  resolved "http://localhost:4873/@lirx/stream/-/stream-0.8.0-dev.1686311699707.tgz#711a839eeecb6239bb63a539b59f837092877016"
  integrity sha512-GWoRFVGAQpqr0g2ssLIN+4DY5CdHtdkmlb790MmOirEyRupKVH7pkmpCvJrTkkEJ9kA9udz8aZBEKNFNKUhDeg==
  dependencies:
    "@lirx/async-task" latest
    "@lirx/utils" latest

"@lirx/utils@latest":
  version "1.1.2-dev.1686306879987"
  resolved "http://localhost:4873/@lirx/utils/-/utils-1.1.2-dev.1686306879987.tgz#4264237338b54d3c4c2d8ac2b4b7e1688ef4ac14"
  integrity sha512-IAFRzfFTy6DhwFzTEYrjw5SD0cDmmX5eLweFi9TEZwbybbA8ZZZQp2zfnHIM0+zda32uEl7l8bojPnIejls9Gg==

"@thingmate/mqtt@latest":
  version "1.0.0-dev.1680091067891"
  resolved "http://localhost:4873/@thingmate/mqtt/-/mqtt-1.0.0-dev.1680091067891.tgz#2c337418115db5738dee720617a21fa3506bff72"
  integrity sha512-y/tnnMyjGRaTtEWs3Hxi7pmhaIcu1fsQP6rYSZv5oVP663tUqh03kQC1+AjB6hp7zDXLSOuuRBzOLS6SaDgfvA==
  dependencies:
    "@lifaon/number-types" latest
    "@lifaon/traits" "^3.0.0"
    "@lirx/async-task" latest
    "@lirx/core" latest
    "@lirx/stream" latest
    "@lirx/utils" latest

"@thingmate/wot-scripting-api@latest":
  version "1.0.0-dev.1686646646166"
  resolved "http://localhost:4873/@thingmate/wot-scripting-api/-/wot-scripting-api-1.0.0-dev.1686646646166.tgz#3ffede2cb1f00a3a08df7a145dfee4d5ecd56eff"
  integrity sha512-SwVxdjSRby+XtvtDtDYdQlq9FXX5Ui2rfo0KSF2CeQwV7WyLuAStUvjaGJ2oUC+Fa1PsObNhrm/Q9hvtgbz2YA==
  dependencies:
    "@lifaon/color" latest
    "@lirx/async-task" latest
    "@lirx/stream" latest
    "@lirx/utils" latest
    wot-thing-description-types "^1.1.0-24-May-2023"

wot-thing-description-types@^1.1.0-24-May-2023:
  version "1.1.0-24-May-2023"
  resolved "http://localhost:4873/wot-thing-description-types/-/wot-thing-description-types-1.1.0-24-May-2023.tgz#69aa263ba40d7a86651aa55f55dd646fa5f44dae"
  integrity sha512-iUwWIPskTQc/19Ax0JxpdufpKKBsvY2h3DTgHA05+mdHPknvDAMhLbbFM5pd+u6hQonQqA2T6MF/zJ8r1Zy1qQ==
