# THIS IS AN AUTOGENERATED FILE. DO NOT EDIT THIS FILE DIRECTLY.
# yarn lockfile v1


"@lifaon/md5@^1.0.0":
  version "1.0.0"
  resolved "http://localhost:4873/@lifaon/md5/-/md5-1.0.0.tgz#f83ea543d408b44cca912d9c58ba1a939c678f3c"
  integrity sha512-/M0btFQQ/h9S4c+mvER0XgmkVPsyfUOQPRlOT0teXPdo6dwv7bWhHgoTpAirKWolrugbXGIGx7yqqUEaQqosoA==

"@lifaon/number-types@latest":
  version "1.0.0-dev.1679324403547"
  resolved "http://localhost:4873/@lifaon/number-types/-/number-types-1.0.0-dev.1679324403547.tgz#39fb1faed4ddd673aeb8ab7c32c2694b1a69c718"
  integrity sha512-MQsH0M2u92AFRiIHH73mm3GdXy/sjqCID8uWREoEOjoFokgPsC/+svnxSVNFpQIJrjhsxyX0sFfATAQOKu0+KA==

"@lifaon/traits@^3.0.0":
  version "3.0.0"
  resolved "http://localhost:4873/@lifaon/traits/-/traits-3.0.0.tgz#a02cb8b908c2f446c873fba7ec6482f0722eca03"
  integrity sha512-IyGfjYpwQK5wUUUYVAK8zgTZ/CF6rn/mCPAuQBdp0ZEzmQns58FBJdWPAm5IlILydzgx7OMjBdXFjfUnl9hN2w==

"@lirx/async-task@latest":
  version "1.2.0"
  resolved "http://localhost:4873/@lirx/async-task/-/async-task-1.2.0.tgz#3358038f78d63f3eecad0f10e4c6e019dab710b8"
  integrity sha512-OTT0FYeYrRPmmOe/sgTt6nTOiL+r3Hq6Fbqnkh4L8ca7rGr1HAD5xZZ/7ym7lhIfnMSRyZbuXRatPqM2qMZurA==

"@lirx/core@latest":
  version "1.4.0-dev.1683557786665"
  resolved "http://localhost:4873/@lirx/core/-/core-1.4.0-dev.1683557786665.tgz#10fa651f8a7f91fc21f4576af8b8961a1b683884"
  integrity sha512-ejxmwBRBJM7h26whfaKkN2QEXp0/rJ1ORbq0VWZ9lcY5VqfGWLAD5Fu52z5z1SB6jPU4H8vAEiqfKg7xez8ANA==
  dependencies:
    "@lirx/utils" latest

"@lirx/stream@latest":
  version "0.8.0-dev.1684078265639"
  resolved "http://localhost:4873/@lirx/stream/-/stream-0.8.0-dev.1684078265639.tgz#29b26c15355cbf0e9b95ad62decb2a32d98e88f8"
  integrity sha512-bIUojQcUIF2gB585ly/Om45N6qmN5AmaNRSQ2CmvxP1QR7jVl3NcA5kvFOawIVaif3HjZ8PRQboasn29i8LCMg==
  dependencies:
    "@lirx/async-task" latest
    "@lirx/utils" latest

"@lirx/utils@latest":
  version "1.1.1"
  resolved "http://localhost:4873/@lirx/utils/-/utils-1.1.1.tgz#78e1bcc6b8d961b680517797c6d8ebced6d10956"
  integrity sha512-FIh/xx8aYJmTEhxwUtwESTbpecRn2qpbWHV5gAx4wDhe7gV/eAz7Ko6AU+tFNThX3DjN7aKA9apYZpvivjoCHA==

"@thingmate/mqtt@latest":
  version "1.0.0-dev.1680091067891"
  resolved "http://localhost:4873/@thingmate/mqtt/-/mqtt-1.0.0-dev.1680091067891.tgz#2c337418115db5738dee720617a21fa3506bff72"
  integrity sha512-y/tnnMyjGRaTtEWs3Hxi7pmhaIcu1fsQP6rYSZv5oVP663tUqh03kQC1+AjB6hp7zDXLSOuuRBzOLS6SaDgfvA==
  dependencies:
    "@lifaon/number-types" latest
    "@lifaon/traits" "^3.0.0"
    "@lirx/async-task" latest
    "@lirx/core" latest
    "@lirx/stream" latest
    "@lirx/utils" latest

"@thingmate/wot-scripting-api@latest":
  version "1.0.0-dev.1684079223214"
  resolved "http://localhost:4873/@thingmate/wot-scripting-api/-/wot-scripting-api-1.0.0-dev.1684079223214.tgz#b960da48ff92a640f8800e172ec8983208c8988c"
  integrity sha512-bpwL1egPtAYfY0+BfJguMvbgDdynrMBHYHKuvde6zilpRrofnI750rV5FmLWXHS6QAJrfEUAGGO6IDZxVeyoBQ==
  dependencies:
    "@lirx/async-task" latest
    "@lirx/stream" latest
